
Microsoft Visual Studio Solution File, Format Version 12.00
# Visual Studio Version 17
VisualStudioVersion = 17.7.34202.233
MinimumVisualStudioVersion = 10.0.40219.1
Project("{FAE04EC0-301F-11D3-BF4B-00C04F79EFBC}") = "Balan", "Balan\Balan.csproj", "{9F5F6E0E-A512-4E69-A215-8D6795FAA8EE}"
EndProject
Project("{FAE04EC0-301F-11D3-BF4B-00C04F79EFBC}") = "Laborator2", "Laborator2\Laborator2.csproj", "{C7B38CDC-D6C9-42A8-A6A5-0D523ED0D3B5}"
EndProject
Global
	GlobalSection(SolutionConfigurationPlatforms) = preSolution
		Debug|Any CPU = Debug|Any CPU
		Release|Any CPU = Release|Any CPU
	EndGlobalSection
	GlobalSection(ProjectConfigurationPlatforms) = postSolution
		{9F5F6E0E-A512-4E69-A215-8D6795FAA8EE}.Debug|Any CPU.ActiveCfg = Debug|Any CPU
		{9F5F6E0E-A512-4E69-A215-8D6795FAA8EE}.Debug|Any CPU.Build.0 = Debug|Any CPU
		{9F5F6E0E-A512-4E69-A215-8D6795FAA8EE}.Release|Any CPU.ActiveCfg = Release|Any CPU
		{9F5F6E0E-A512-4E69-A215-8D6795FAA8EE}.Release|Any CPU.Build.0 = Release|Any CPU
		{C7B38CDC-D6C9-42A8-A6A5-0D523ED0D3B5}.Debug|Any CPU.ActiveCfg = Debug|Any CPU
		{C7B38CDC-D6C9-42A8-A6A5-0D523ED0D3B5}.Debug|Any CPU.Build.0 = Debug|Any CPU
		{C7B38CDC-D6C9-42A8-A6A5-0D523ED0D3B5}.Release|Any CPU.ActiveCfg = Release|Any CPU
		{C7B38CDC-D6C9-42A8-A6A5-0D523ED0D3B5}.Release|Any CPU.Build.0 = Release|Any CPU
	EndGlobalSection
	GlobalSection(SolutionProperties) = preSolution
		HideSolutionNode = FALSE
	EndGlobalSection
	GlobalSection(ExtensibilityGlobals) = postSolution
		SolutionGuid = {2C8443EA-217A-487C-AD03-4D80BF32F5EC}
	EndGlobalSection
EndGlobal
